
Microsoft Visual Studio Solution File, Format Version 12.00
# Visual Studio Version 16
VisualStudioVersion = 16.0.29123.88
MinimumVisualStudioVersion = 10.0.40219.1
Project("{8BC9CEB8-8B4A-11D0-8D11-00A0C91BC942}") = "CPPLab10", "CPPLab10\CPPLab10.vcxproj", "{7A04A89F-CEB3-473F-A5DD-0976C22976E5}"
EndProject
Global
	GlobalSection(SolutionConfigurationPlatforms) = preSolution
		Debug|x64 = Debug|x64
		Debug|x86 = Debug|x86
		Release|x64 = Release|x64
		Release|x86 = Release|x86
	EndGlobalSection
	GlobalSection(ProjectConfigurationPlatforms) = postSolution
		{7A04A89F-CEB3-473F-A5DD-0976C22976E5}.Debug|x64.ActiveCfg = Debug|x64
		{7A04A89F-CEB3-473F-A5DD-0976C22976E5}.Debug|x64.Build.0 = Debug|x64
		{7A04A89F-CEB3-473F-A5DD-0976C22976E5}.Debug|x86.ActiveCfg = Debug|Win32
		{7A04A89F-CEB3-473F-A5DD-0976C22976E5}.Debug|x86.Build.0 = Debug|Win32
		{7A04A89F-CEB3-473F-A5DD-0976C22976E5}.Release|x64.ActiveCfg = Release|x64
		{7A04A89F-CEB3-473F-A5DD-0976C22976E5}.Release|x64.Build.0 = Release|x64
		{7A04A89F-CEB3-473F-A5DD-0976C22976E5}.Release|x86.ActiveCfg = Release|Win32
		{7A04A89F-CEB3-473F-A5DD-0976C22976E5}.Release|x86.Build.0 = Release|Win32
	EndGlobalSection
	GlobalSection(SolutionProperties) = preSolution
		HideSolutionNode = FALSE
	EndGlobalSection
	GlobalSection(ExtensibilityGlobals) = postSolution
		SolutionGuid = {25EF4C94-1167-4141-9D6D-695A4178D406}
	EndGlobalSection
EndGlobal
